
Microsoft Visual Studio Solution File, Format Version 12.00
# Visual Studio Version 16
VisualStudioVersion = 16.0.31205.134
MinimumVisualStudioVersion = 10.0.40219.1
Project("{2150E333-8FDC-42A3-9474-1A3956D46DE8}") = "BookInfo.Api", "BookInfo.Api", "{5DBE4D06-E5DB-49E1-B534-C7F8B33FF891}"
EndProject
Project("{2150E333-8FDC-42A3-9474-1A3956D46DE8}") = "BookInfo.Application", "BookInfo.Application", "{9EBEF8CA-E000-4C91-8345-A98DA9ADC73C}"
EndProject
Project("{2150E333-8FDC-42A3-9474-1A3956D46DE8}") = "BookInfo.Domain", "BookInfo.Domain", "{0C2E432B-A5E6-4AC2-B5B0-C1988AEED4E4}"
EndProject
Project("{2150E333-8FDC-42A3-9474-1A3956D46DE8}") = "BookInfo.Infra.Data", "BookInfo.Infra.Data", "{67811A3B-DE17-4594-9AA1-87C508D1E850}"
EndProject
Project("{2150E333-8FDC-42A3-9474-1A3956D46DE8}") = "BookInfo.Infra.Ioc", "BookInfo.Infra.Ioc", "{3ECA006C-7249-4E06-981B-A43F8C5326B0}"
EndProject
Project("{FAE04EC0-301F-11D3-BF4B-00C04F79EFBC}") = "BookInfo.Domain", "BookInfo.Domain\BookInfo.Domain.csproj", "{C8C7A992-7BCB-4CB8-AB7B-491BA109F443}"
EndProject
Project("{FAE04EC0-301F-11D3-BF4B-00C04F79EFBC}") = "BookInfo.Infra.Data", "BookInfo.Infra.Data\BookInfo.Infra.Data.csproj", "{A2CFF7A0-2B6E-4F2D-BF6D-AEF00DD22342}"
EndProject
Project("{FAE04EC0-301F-11D3-BF4B-00C04F79EFBC}") = "BookInfo.Infra.Ioc", "BookInfo.Infra.Ioc\BookInfo.Infra.Ioc.csproj", "{6AF9E21A-67B3-4000-B966-DD24C7A095A9}"
EndProject
Project("{FAE04EC0-301F-11D3-BF4B-00C04F79EFBC}") = "BookInfo.Application", "BookInfo.Application\BookInfo.Application.csproj", "{CA85FE8C-FE2F-4893-BAFA-DBA66D0CB9C2}"
EndProject
Project("{FAE04EC0-301F-11D3-BF4B-00C04F79EFBC}") = "BookInfo.Api", "BookInfo.Api\BookInfo.Api.csproj", "{9261E925-C7A9-4ABF-9908-844EB816325F}"
EndProject
Global
	GlobalSection(SolutionConfigurationPlatforms) = preSolution
		Debug|Any CPU = Debug|Any CPU
		Release|Any CPU = Release|Any CPU
	EndGlobalSection
	GlobalSection(ProjectConfigurationPlatforms) = postSolution
		{C8C7A992-7BCB-4CB8-AB7B-491BA109F443}.Debug|Any CPU.ActiveCfg = Debug|Any CPU
		{C8C7A992-7BCB-4CB8-AB7B-491BA109F443}.Debug|Any CPU.Build.0 = Debug|Any CPU
		{C8C7A992-7BCB-4CB8-AB7B-491BA109F443}.Release|Any CPU.ActiveCfg = Release|Any CPU
		{C8C7A992-7BCB-4CB8-AB7B-491BA109F443}.Release|Any CPU.Build.0 = Release|Any CPU
		{A2CFF7A0-2B6E-4F2D-BF6D-AEF00DD22342}.Debug|Any CPU.ActiveCfg = Debug|Any CPU
		{A2CFF7A0-2B6E-4F2D-BF6D-AEF00DD22342}.Debug|Any CPU.Build.0 = Debug|Any CPU
		{A2CFF7A0-2B6E-4F2D-BF6D-AEF00DD22342}.Release|Any CPU.ActiveCfg = Release|Any CPU
		{A2CFF7A0-2B6E-4F2D-BF6D-AEF00DD22342}.Release|Any CPU.Build.0 = Release|Any CPU
		{6AF9E21A-67B3-4000-B966-DD24C7A095A9}.Debug|Any CPU.ActiveCfg = Debug|Any CPU
		{6AF9E21A-67B3-4000-B966-DD24C7A095A9}.Debug|Any CPU.Build.0 = Debug|Any CPU
		{6AF9E21A-67B3-4000-B966-DD24C7A095A9}.Release|Any CPU.ActiveCfg = Release|Any CPU
		{6AF9E21A-67B3-4000-B966-DD24C7A095A9}.Release|Any CPU.Build.0 = Release|Any CPU
		{CA85FE8C-FE2F-4893-BAFA-DBA66D0CB9C2}.Debug|Any CPU.ActiveCfg = Debug|Any CPU
		{CA85FE8C-FE2F-4893-BAFA-DBA66D0CB9C2}.Debug|Any CPU.Build.0 = Debug|Any CPU
		{CA85FE8C-FE2F-4893-BAFA-DBA66D0CB9C2}.Release|Any CPU.ActiveCfg = Release|Any CPU
		{CA85FE8C-FE2F-4893-BAFA-DBA66D0CB9C2}.Release|Any CPU.Build.0 = Release|Any CPU
		{9261E925-C7A9-4ABF-9908-844EB816325F}.Debug|Any CPU.ActiveCfg = Debug|Any CPU
		{9261E925-C7A9-4ABF-9908-844EB816325F}.Debug|Any CPU.Build.0 = Debug|Any CPU
		{9261E925-C7A9-4ABF-9908-844EB816325F}.Release|Any CPU.ActiveCfg = Release|Any CPU
		{9261E925-C7A9-4ABF-9908-844EB816325F}.Release|Any CPU.Build.0 = Release|Any CPU
	EndGlobalSection
	GlobalSection(SolutionProperties) = preSolution
		HideSolutionNode = FALSE
	EndGlobalSection
	GlobalSection(NestedProjects) = preSolution
		{C8C7A992-7BCB-4CB8-AB7B-491BA109F443} = {0C2E432B-A5E6-4AC2-B5B0-C1988AEED4E4}
		{A2CFF7A0-2B6E-4F2D-BF6D-AEF00DD22342} = {67811A3B-DE17-4594-9AA1-87C508D1E850}
		{6AF9E21A-67B3-4000-B966-DD24C7A095A9} = {3ECA006C-7249-4E06-981B-A43F8C5326B0}
		{CA85FE8C-FE2F-4893-BAFA-DBA66D0CB9C2} = {9EBEF8CA-E000-4C91-8345-A98DA9ADC73C}
		{9261E925-C7A9-4ABF-9908-844EB816325F} = {5DBE4D06-E5DB-49E1-B534-C7F8B33FF891}
	EndGlobalSection
	GlobalSection(ExtensibilityGlobals) = postSolution
		SolutionGuid = {E0C1CE7F-E22A-4F87-8F46-221F90518CDE}
	EndGlobalSection
EndGlobal
